{
  "name": "@misterdevs/qris-static-to-dynamic",
  "version": "1.0.3",
  "lockfileVersion": 3,
  "requires": true,
  "packages": {
    "": {
      "name": "@misterdevs/qris-static-to-dynamic",
      "version": "1.0.3",
      "license": "ISC",
      "dependencies": {
        "@misterdevs/qris-parser": "^1.0.4"
      }
    },
    "node_modules/@misterdevs/qris-parser": {
      "version": "1.0.4",
      "resolved": "https://registry.npmjs.org/@misterdevs/qris-parser/-/qris-parser-1.0.4.tgz",
      "integrity": "sha512-XFGk1bQJwhiXETg6dYcDaueztAGpzNsjC+ed2ECxROq/mYHYkXczogEfuZLV06owj0GFK1Gc7J/F3pwxbj5XWg=="
    }
  }
}
