{
  "name": "@misterdevs/qris-static-to-dynamic",
  "version": "1.0.2",
  "lockfileVersion": 3,
  "requires": true,
  "packages": {
    "": {
      "name": "@misterdevs/qris-static-to-dynamic",
      "version": "1.0.2",
      "license": "ISC",
      "dependencies": {
        "@misterdevs/qris-parser": "^1.0.2"
      }
    },
    "node_modules/@misterdevs/qris-parser": {
      "version": "1.0.2",
      "resolved": "https://registry.npmjs.org/@misterdevs/qris-parser/-/qris-parser-1.0.2.tgz",
      "integrity": "sha512-VhO14egdZBC+Yk/hAU2bjT8J1Ed55UxRqkXzGj1mK2yO2/gBmwqyoC1pVcpvUPtNpbI1Eb1rsDY739PcKrN4Lw=="
    }
  }
}
